
Microsoft Visual Studio Solution File, Format Version 12.00
# Visual Studio 15
VisualStudioVersion = 15.0.26124.0
MinimumVisualStudioVersion = 15.0.26124.0
Project("{FAE04EC0-301F-11D3-BF4B-00C04F79EFBC}") = "Project0.UI", "Project0.UI\Project0.UI.csproj", "{7095F0E2-1446-4607-96DF-44141A4092AF}"
EndProject
Project("{FAE04EC0-301F-11D3-BF4B-00C04F79EFBC}") = "Project0.Tests", "Project0.Tests\Project0.Tests.csproj", "{6A874EB0-8E85-45A4-A90E-F9714688842F}"
EndProject
Project("{FAE04EC0-301F-11D3-BF4B-00C04F79EFBC}") = "Project0", "Project0\Project0.csproj", "{A505EAF2-E3BA-4AEE-B9D8-686CBC1A1C4B}"
EndProject
Global
	GlobalSection(SolutionProperties) = preSolution
		HideSolutionNode = FALSE
	EndGlobalSection
	GlobalSection(SolutionConfigurationPlatforms) = preSolution
		Debug|Any CPU = Debug|Any CPU
		Debug|x64 = Debug|x64
		Debug|x86 = Debug|x86
		Release|Any CPU = Release|Any CPU
		Release|x64 = Release|x64
		Release|x86 = Release|x86
	EndGlobalSection
	GlobalSection(ProjectConfigurationPlatforms) = postSolution
		{7095F0E2-1446-4607-96DF-44141A4092AF}.Debug|Any CPU.ActiveCfg = Debug|Any CPU
		{7095F0E2-1446-4607-96DF-44141A4092AF}.Debug|Any CPU.Build.0 = Debug|Any CPU
		{7095F0E2-1446-4607-96DF-44141A4092AF}.Debug|x64.ActiveCfg = Debug|Any CPU
		{7095F0E2-1446-4607-96DF-44141A4092AF}.Debug|x64.Build.0 = Debug|Any CPU
		{7095F0E2-1446-4607-96DF-44141A4092AF}.Debug|x86.ActiveCfg = Debug|Any CPU
		{7095F0E2-1446-4607-96DF-44141A4092AF}.Debug|x86.Build.0 = Debug|Any CPU
		{7095F0E2-1446-4607-96DF-44141A4092AF}.Release|Any CPU.ActiveCfg = Release|Any CPU
		{7095F0E2-1446-4607-96DF-44141A4092AF}.Release|Any CPU.Build.0 = Release|Any CPU
		{7095F0E2-1446-4607-96DF-44141A4092AF}.Release|x64.ActiveCfg = Release|Any CPU
		{7095F0E2-1446-4607-96DF-44141A4092AF}.Release|x64.Build.0 = Release|Any CPU
		{7095F0E2-1446-4607-96DF-44141A4092AF}.Release|x86.ActiveCfg = Release|Any CPU
		{7095F0E2-1446-4607-96DF-44141A4092AF}.Release|x86.Build.0 = Release|Any CPU
		{6A874EB0-8E85-45A4-A90E-F9714688842F}.Debug|Any CPU.ActiveCfg = Debug|Any CPU
		{6A874EB0-8E85-45A4-A90E-F9714688842F}.Debug|Any CPU.Build.0 = Debug|Any CPU
		{6A874EB0-8E85-45A4-A90E-F9714688842F}.Debug|x64.ActiveCfg = Debug|Any CPU
		{6A874EB0-8E85-45A4-A90E-F9714688842F}.Debug|x64.Build.0 = Debug|Any CPU
		{6A874EB0-8E85-45A4-A90E-F9714688842F}.Debug|x86.ActiveCfg = Debug|Any CPU
		{6A874EB0-8E85-45A4-A90E-F9714688842F}.Debug|x86.Build.0 = Debug|Any CPU
		{6A874EB0-8E85-45A4-A90E-F9714688842F}.Release|Any CPU.ActiveCfg = Release|Any CPU
		{6A874EB0-8E85-45A4-A90E-F9714688842F}.Release|Any CPU.Build.0 = Release|Any CPU
		{6A874EB0-8E85-45A4-A90E-F9714688842F}.Release|x64.ActiveCfg = Release|Any CPU
		{6A874EB0-8E85-45A4-A90E-F9714688842F}.Release|x64.Build.0 = Release|Any CPU
		{6A874EB0-8E85-45A4-A90E-F9714688842F}.Release|x86.ActiveCfg = Release|Any CPU
		{6A874EB0-8E85-45A4-A90E-F9714688842F}.Release|x86.Build.0 = Release|Any CPU
		{A505EAF2-E3BA-4AEE-B9D8-686CBC1A1C4B}.Debug|Any CPU.ActiveCfg = Debug|Any CPU
		{A505EAF2-E3BA-4AEE-B9D8-686CBC1A1C4B}.Debug|Any CPU.Build.0 = Debug|Any CPU
		{A505EAF2-E3BA-4AEE-B9D8-686CBC1A1C4B}.Debug|x64.ActiveCfg = Debug|Any CPU
		{A505EAF2-E3BA-4AEE-B9D8-686CBC1A1C4B}.Debug|x64.Build.0 = Debug|Any CPU
		{A505EAF2-E3BA-4AEE-B9D8-686CBC1A1C4B}.Debug|x86.ActiveCfg = Debug|Any CPU
		{A505EAF2-E3BA-4AEE-B9D8-686CBC1A1C4B}.Debug|x86.Build.0 = Debug|Any CPU
		{A505EAF2-E3BA-4AEE-B9D8-686CBC1A1C4B}.Release|Any CPU.ActiveCfg = Release|Any CPU
		{A505EAF2-E3BA-4AEE-B9D8-686CBC1A1C4B}.Release|Any CPU.Build.0 = Release|Any CPU
		{A505EAF2-E3BA-4AEE-B9D8-686CBC1A1C4B}.Release|x64.ActiveCfg = Release|Any CPU
		{A505EAF2-E3BA-4AEE-B9D8-686CBC1A1C4B}.Release|x64.Build.0 = Release|Any CPU
		{A505EAF2-E3BA-4AEE-B9D8-686CBC1A1C4B}.Release|x86.ActiveCfg = Release|Any CPU
		{A505EAF2-E3BA-4AEE-B9D8-686CBC1A1C4B}.Release|x86.Build.0 = Release|Any CPU
	EndGlobalSection
EndGlobal
